// !$*UTF8*$!
{
	archiveVersion = 1;
	classes = {
	};
	objectVersion = 46;
	objects = {

/* Begin PBXBuildFile section */
		AEB488491DE7160000A713E0 /* AppDelegate.swift in Sources */ = {isa = PBXBuildFile; fileRef = AEB488481DE7160000A713E0 /* AppDelegate.swift */; };
		AEB4884B1DE7160000A713E0 /* ViewController.swift in Sources */ = {isa = PBXBuildFile; fileRef = AEB4884A1DE7160000A713E0 /* ViewController.swift */; };
		AEB4884E1DE7160000A713E0 /* Main.storyboard in Resources */ = {isa = PBXBuildFile; fileRef = AEB4884C1DE7160000A713E0 /* Main.storyboard */; };
		AEB488501DE7160000A713E0 /* Assets.xcassets in Resources */ = {isa = PBXBuildFile; fileRef = AEB4884F1DE7160000A713E0 /* Assets.xcassets */; };
		AEB488531DE7160000A713E0 /* LaunchScreen.storyboard in Resources */ = {isa = PBXBuildFile; fileRef = AEB488511DE7160000A713E0 /* LaunchScreen.storyboard */; };
		AEB4885E1DE7160000A713E0 /* BowlingGameTests.swift in Sources */ = {isa = PBXBuildFile; fileRef = AEB4885D1DE7160000A713E0 /* BowlingGameTests.swift */; };
		AEB488691DE7160000A713E0 /* BowlingGameUITests.swift in Sources */ = {isa = PBXBuildFile; fileRef = AEB488681DE7160000A713E0 /* BowlingGameUITests.swift */; };
		AEB488771DE7175700A713E0 /* Game.swift in Sources */ = {isa = PBXBuildFile; fileRef = AEB488761DE7175700A713E0 /* Game.swift */; };
/* End PBXBuildFile section */

/* Begin PBXContainerItemProxy section */
		AEB4885A1DE7160000A713E0 /* PBXContainerItemProxy */ = {
			isa = PBXContainerItemProxy;
			containerPortal = AEB4883D1DE7160000A713E0 /* Project object */;
			proxyType = 1;
			remoteGlobalIDString = AEB488441DE7160000A713E0;
			remoteInfo = BowlingGame;
		};
		AEB488651DE7160000A713E0 /* PBXContainerItemProxy */ = {
			isa = PBXContainerItemProxy;
			containerPortal = AEB4883D1DE7160000A713E0 /* Project object */;
			proxyType = 1;
			remoteGlobalIDString = AEB488441DE7160000A713E0;
			remoteInfo = BowlingGame;
		};
/* End PBXContainerItemProxy section */

/* Begin PBXFileReference section */
		AEB488451DE7160000A713E0 /* BowlingGame.app */ = {isa = PBXFileReference; explicitFileType = wrapper.application; includeInIndex = 0; path = BowlingGame.app; sourceTree = BUILT_PRODUCTS_DIR; };
		AEB488481DE7160000A713E0 /* AppDelegate.swift */ = {isa = PBXFileReference; lastKnownFileType = sourcecode.swift; path = AppDelegate.swift; sourceTree = "<group>"; };
		AEB4884A1DE7160000A713E0 /* ViewController.swift */ = {isa = PBXFileReference; lastKnownFileType = sourcecode.swift; path = ViewController.swift; sourceTree = "<group>"; };
		AEB4884D1DE7160000A713E0 /* Base */ = {isa = PBXFileReference; lastKnownFileType = file.storyboard; name = Base; path = Base.lproj/Main.storyboard; sourceTree = "<group>"; };
		AEB4884F1DE7160000A713E0 /* Assets.xcassets */ = {isa = PBXFileReference; lastKnownFileType = folder.assetcatalog; path = Assets.xcassets; sourceTree = "<group>"; };
		AEB488521DE7160000A713E0 /* Base */ = {isa = PBXFileReference; lastKnownFileType = file.storyboard; name = Base; path = Base.lproj/LaunchScreen.storyboard; sourceTree = "<group>"; };
		AEB488541DE7160000A713E0 /* Info.plist */ = {isa = PBXFileReference; lastKnownFileType = text.plist.xml; path = Info.plist; sourceTree = "<group>"; };
		AEB488591DE7160000A713E0 /* BowlingGameTests.xctest */ = {isa = PBXFileReference; explicitFileType = wrapper.cfbundle; includeInIndex = 0; path = BowlingGameTests.xctest; sourceTree = BUILT_PRODUCTS_DIR; };
		AEB4885D1DE7160000A713E0 /* BowlingGameTests.swift */ = {isa = PBXFileReference; lastKnownFileType = sourcecode.swift; path = BowlingGameTests.swift; sourceTree = "<group>"; };
		AEB4885F1DE7160000A713E0 /* Info.plist */ = {isa = PBXFileReference; lastKnownFileType = text.plist.xml; path = Info.plist; sourceTree = "<group>"; };
		AEB488641DE7160000A713E0 /* BowlingGameUITests.xctest */ = {isa = PBXFileReference; explicitFileType = wrapper.cfbundle; includeInIndex = 0; path = BowlingGameUITests.xctest; sourceTree = BUILT_PRODUCTS_DIR; };
		AEB488681DE7160000A713E0 /* BowlingGameUITests.swift */ = {isa = PBXFileReference; lastKnownFileType = sourcecode.swift; path = BowlingGameUITests.swift; sourceTree = "<group>"; };
		AEB4886A1DE7160000A713E0 /* Info.plist */ = {isa = PBXFileReference; lastKnownFileType = text.plist.xml; path = Info.plist; sourceTree = "<group>"; };
		AEB488761DE7175700A713E0 /* Game.swift */ = {isa = PBXFileReference; fileEncoding = 4; lastKnownFileType = sourcecode.swift; path = Game.swift; sourceTree = "<group>"; };
/* End PBXFileReference section */

/* Begin PBXFrameworksBuildPhase section */
		AEB488421DE7160000A713E0 /* Frameworks */ = {
			isa = PBXFrameworksBuildPhase;
			buildActionMask = 2147483647;
			files = (
			);
			runOnlyForDeploymentPostprocessing = 0;
		};
		AEB488561DE7160000A713E0 /* Frameworks */ = {
			isa = PBXFrameworksBuildPhase;
			buildActionMask = 2147483647;
			files = (
			);
			runOnlyForDeploymentPostprocessing = 0;
		};
		AEB488611DE7160000A713E0 /* Frameworks */ = {
			isa = PBXFrameworksBuildPhase;
			buildActionMask = 2147483647;
			files = (
			);
			runOnlyForDeploymentPostprocessing = 0;
		};
/* End PBXFrameworksBuildPhase section */

/* Begin PBXGroup section */
		AEB4883C1DE7160000A713E0 = {
			isa = PBXGroup;
			children = (
				AEB488471DE7160000A713E0 /* BowlingGame */,
				AEB4885C1DE7160000A713E0 /* BowlingGameTests */,
				AEB488671DE7160000A713E0 /* BowlingGameUITests */,
				AEB488461DE7160000A713E0 /* Products */,
			);
			sourceTree = "<group>";
		};
		AEB488461DE7160000A713E0 /* Products */ = {
			isa = PBXGroup;
			children = (
				AEB488451DE7160000A713E0 /* BowlingGame.app */,
				AEB488591DE7160000A713E0 /* BowlingGameTests.xctest */,
				AEB488641DE7160000A713E0 /* BowlingGameUITests.xctest */,
			);
			name = Products;
			sourceTree = "<group>";
		};
		AEB488471DE7160000A713E0 /* BowlingGame */ = {
			isa = PBXGroup;
			children = (
				AEB488481DE7160000A713E0 /* AppDelegate.swift */,
				AEB4884A1DE7160000A713E0 /* ViewController.swift */,
				AEB488761DE7175700A713E0 /* Game.swift */,
				AEB4884C1DE7160000A713E0 /* Main.storyboard */,
				AEB4884F1DE7160000A713E0 /* Assets.xcassets */,
				AEB488511DE7160000A713E0 /* LaunchScreen.storyboard */,
				AEB488541DE7160000A713E0 /* Info.plist */,
			);
			path = BowlingGame;
			sourceTree = "<group>";
		};
		AEB4885C1DE7160000A713E0 /* BowlingGameTests */ = {
			isa = PBXGroup;
			children = (
				AEB4885D1DE7160000A713E0 /* BowlingGameTests.swift */,
				AEB4885F1DE7160000A713E0 /* Info.plist */,
			);
			path = BowlingGameTests;
			sourceTree = "<group>";
		};
		AEB488671DE7160000A713E0 /* BowlingGameUITests */ = {
			isa = PBXGroup;
			children = (
				AEB488681DE7160000A713E0 /* BowlingGameUITests.swift */,
				AEB4886A1DE7160000A713E0 /* Info.plist */,
			);
			path = BowlingGameUITests;
			sourceTree = "<group>";
		};
/* End PBXGroup section */

/* Begin PBXNativeTarget section */
		AEB488441DE7160000A713E0 /* BowlingGame */ = {
			isa = PBXNativeTarget;
			buildConfigurationList = AEB4886D1DE7160000A713E0 /* Build configuration list for PBXNativeTarget "BowlingGame" */;
			buildPhases = (
				AEB488411DE7160000A713E0 /* Sources */,
				AEB488421DE7160000A713E0 /* Frameworks */,
				AEB488431DE7160000A713E0 /* Resources */,
			);
			buildRules = (
			);
			dependencies = (
			);
			name = BowlingGame;
			productName = BowlingGame;
			productReference = AEB488451DE7160000A713E0 /* BowlingGame.app */;
			productType = "com.apple.product-type.application";
		};
		AEB488581DE7160000A713E0 /* BowlingGameTests */ = {
			isa = PBXNativeTarget;
			buildConfigurationList = AEB488701DE7160000A713E0 /* Build configuration list for PBXNativeTarget "BowlingGameTests" */;
			buildPhases = (
				AEB488551DE7160000A713E0 /* Sources */,
				AEB488561DE7160000A713E0 /* Frameworks */,
				AEB488571DE7160000A713E0 /* Resources */,
			);
			buildRules = (
			);
			dependencies = (
				AEB4885B1DE7160000A713E0 /* PBXTargetDependency */,
			);
			name = BowlingGameTests;
			productName = BowlingGameTests;
			productReference = AEB488591DE7160000A713E0 /* BowlingGameTests.xctest */;
			productType = "com.apple.product-type.bundle.unit-test";
		};
		AEB488631DE7160000A713E0 /* BowlingGameUITests */ = {
			isa = PBXNativeTarget;
			buildConfigurationList = AEB488731DE7160000A713E0 /* Build configuration list for PBXNativeTarget "BowlingGameUITests" */;
			buildPhases = (
				AEB488601DE7160000A713E0 /* Sources */,
				AEB488611DE7160000A713E0 /* Frameworks */,
				AEB488621DE7160000A713E0 /* Resources */,
			);
			buildRules = (
			);
			dependencies = (
				AEB488661DE7160000A713E0 /* PBXTargetDependency */,
			);
			name = BowlingGameUITests;
			productName = BowlingGameUITests;
			productReference = AEB488641DE7160000A713E0 /* BowlingGameUITests.xctest */;
			productType = "com.apple.product-type.bundle.ui-testing";
		};
/* End PBXNativeTarget section */

/* Begin PBXProject section */
		AEB4883D1DE7160000A713E0 /* Project object */ = {
			isa = PBXProject;
			attributes = {
				LastSwiftUpdateCheck = 0810;
				LastUpgradeCheck = 0810;
				ORGANIZATIONNAME = DuncanRowland;
				TargetAttributes = {
					AEB488441DE7160000A713E0 = {
						CreatedOnToolsVersion = 8.1;
						DevelopmentTeam = BMEDQCUXC4;
						ProvisioningStyle = Automatic;
					};
					AEB488581DE7160000A713E0 = {
						CreatedOnToolsVersion = 8.1;
						DevelopmentTeam = BMEDQCUXC4;
						ProvisioningStyle = Automatic;
						TestTargetID = AEB488441DE7160000A713E0;
					};
					AEB488631DE7160000A713E0 = {
						CreatedOnToolsVersion = 8.1;
						DevelopmentTeam = BMEDQCUXC4;
						ProvisioningStyle = Automatic;
						TestTargetID = AEB488441DE7160000A713E0;
					};
				};
			};
			buildConfigurationList = AEB488401DE7160000A713E0 /* Build configuration list for PBXProject "BowlingGame" */;
			compatibilityVersion = "Xcode 3.2";
			developmentRegion = English;
			hasScannedForEncodings = 0;
			knownRegions = (
				en,
				Base,
			);
			mainGroup = AEB4883C1DE7160000A713E0;
			productRefGroup = AEB488461DE7160000A713E0 /* Products */;
			projectDirPath = "";
			projectRoot = "";
			targets = (
				AEB488441DE7160000A713E0 /* BowlingGame */,
				AEB488581DE7160000A713E0 /* BowlingGameTests */,
				AEB488631DE7160000A713E0 /* BowlingGameUITests */,
			);
		};
/* End PBXProject section */

/* Begin PBXResourcesBuildPhase section */
		AEB488431DE7160000A713E0 /* Resources */ = {
			isa = PBXResourcesBuildPhase;
			buildActionMask = 2147483647;
			files = (
				AEB488531DE7160000A713E0 /* LaunchScreen.storyboard in Resources */,
				AEB488501DE7160000A713E0 /* Assets.xcassets in Resources */,
				AEB4884E1DE7160000A713E0 /* Main.storyboard in Resources */,
			);
			runOnlyForDeploymentPostprocessing = 0;
		};
		AEB488571DE7160000A713E0 /* Resources */ = {
			isa = PBXResourcesBuildPhase;
			buildActionMask = 2147483647;
			files = (
			);
			runOnlyForDeploymentPostprocessing = 0;
		};
		AEB488621DE7160000A713E0 /* Resources */ = {
			isa = PBXResourcesBuildPhase;
			buildActionMask = 2147483647;
			files = (
			);
			runOnlyForDeploymentPostprocessing = 0;
		};
/* End PBXResourcesBuildPhase section */

/* Begin PBXSourcesBuildPhase section */
		AEB488411DE7160000A713E0 /* Sources */ = {
			isa = PBXSourcesBuildPhase;
			buildActionMask = 2147483647;
			files = (
				AEB4884B1DE7160000A713E0 /* ViewController.swift in Sources */,
				AEB488771DE7175700A713E0 /* Game.swift in Sources */,
				AEB488491DE7160000A713E0 /* AppDelegate.swift in Sources */,
			);
			runOnlyForDeploymentPostprocessing = 0;
		};
		AEB488551DE7160000A713E0 /* Sources */ = {
			isa = PBXSourcesBuildPhase;
			buildActionMask = 2147483647;
			files = (
				AEB4885E1DE7160000A713E0 /* BowlingGameTests.swift in Sources */,
			);
			runOnlyForDeploymentPostprocessing = 0;
		};
		AEB488601DE7160000A713E0 /* Sources */ = {
			isa = PBXSourcesBuildPhase;
			buildActionMask = 2147483647;
			files = (
				AEB488691DE7160000A713E0 /* BowlingGameUITests.swift in Sources */,
			);
			runOnlyForDeploymentPostprocessing = 0;
		};
/* End PBXSourcesBuildPhase section */

/* Begin PBXTargetDependency section */
		AEB4885B1DE7160000A713E0 /* PBXTargetDependency */ = {
			isa = PBXTargetDependency;
			target = AEB488441DE7160000A713E0 /* BowlingGame */;
			targetProxy = AEB4885A1DE7160000A713E0 /* PBXContainerItemProxy */;
		};
		AEB488661DE7160000A713E0 /* PBXTargetDependency */ = {
			isa = PBXTargetDependency;
			target = AEB488441DE7160000A713E0 /* BowlingGame */;
			targetProxy = AEB488651DE7160000A713E0 /* PBXContainerItemProxy */;
		};
/* End PBXTargetDependency section */

/* Begin PBXVariantGroup section */
		AEB4884C1DE7160000A713E0 /* Main.storyboard */ = {
			isa = PBXVariantGroup;
			children = (
				AEB4884D1DE7160000A713E0 /* Base */,
			);
			name = Main.storyboard;
			sourceTree = "<group>";
		};
		AEB488511DE7160000A713E0 /* LaunchScreen.storyboard */ = {
			isa = PBXVariantGroup;
			children = (
				AEB488521DE7160000A713E0 /* Base */,
			);
			name = LaunchScreen.storyboard;
			sourceTree = "<group>";
		};
/* End PBXVariantGroup section */

/* Begin XCBuildConfiguration section */
		AEB4886B1DE7160000A713E0 /* Debug */ = {
			isa = XCBuildConfiguration;
			buildSettings = {
				ALWAYS_SEARCH_USER_PATHS = NO;
				CLANG_ANALYZER_NONNULL = YES;
				CLANG_CXX_LANGUAGE_STANDARD = "gnu++0x";
				CLANG_CXX_LIBRARY = "libc++";
				CLANG_ENABLE_MODULES = YES;
				CLANG_ENABLE_OBJC_ARC = YES;
				CLANG_WARN_BOOL_CONVERSION = YES;
				CLANG_WARN_CONSTANT_CONVERSION = YES;
				CLANG_WARN_DIRECT_OBJC_ISA_USAGE = YES_ERROR;
				CLANG_WARN_DOCUMENTATION_COMMENTS = YES;
				CLANG_WARN_EMPTY_BODY = YES;
				CLANG_WARN_ENUM_CONVERSION = YES;
				CLANG_WARN_INFINITE_RECURSION = YES;
				CLANG_WARN_INT_CONVERSION = YES;
				CLANG_WARN_OBJC_ROOT_CLASS = YES_ERROR;
				CLANG_WARN_SUSPICIOUS_MOVES = YES;
				CLANG_WARN_UNREACHABLE_CODE = YES;
				CLANG_WARN__DUPLICATE_METHOD_MATCH = YES;
				"CODE_SIGN_IDENTITY[sdk=iphoneos*]" = "iPhone Developer";
				COPY_PHASE_STRIP = NO;
				DEBUG_INFORMATION_FORMAT = dwarf;
				ENABLE_STRICT_OBJC_MSGSEND = YES;
				ENABLE_TESTABILITY = YES;
				GCC_C_LANGUAGE_STANDARD = gnu99;
				GCC_DYNAMIC_NO_PIC = NO;
				GCC_NO_COMMON_BLOCKS = YES;
				GCC_OPTIMIZATION_LEVEL = 0;
				GCC_PREPROCESSOR_DEFINITIONS = (
					"DEBUG=1",
					"$(inherited)",
				);
				GCC_WARN_64_TO_32_BIT_CONVERSION = YES;
				GCC_WARN_ABOUT_RETURN_TYPE = YES_ERROR;
				GCC_WARN_UNDECLARED_SELECTOR = YES;
				GCC_WARN_UNINITIALIZED_AUTOS = YES_AGGRESSIVE;
				GCC_WARN_UNUSED_FUNCTION = YES;
				GCC_WARN_UNUSED_VARIABLE = YES;
				IPHONEOS_DEPLOYMENT_TARGET = 10.1;
				MTL_ENABLE_DEBUG_INFO = YES;
				ONLY_ACTIVE_ARCH = YES;
				SDKROOT = iphoneos;
				SWIFT_ACTIVE_COMPILATION_CONDITIONS = DEBUG;
				SWIFT_OPTIMIZATION_LEVEL = "-Onone";
			};
			name = Debug;
		};
		AEB4886C1DE7160000A713E0 /* Release */ = {
			isa = XCBuildConfiguration;
			buildSettings = {
				ALWAYS_SEARCH_USER_PATHS = NO;
				CLANG_ANALYZER_NONNULL = YES;
				CLANG_CXX_LANGUAGE_STANDARD = "gnu++0x";
				CLANG_CXX_LIBRARY = "libc++";
				CLANG_ENABLE_MODULES = YES;
				CLANG_ENABLE_OBJC_ARC = YES;
				CLANG_WARN_BOOL_CONVERSION = YES;
				CLANG_WARN_CONSTANT_CONVERSION = YES;
				CLANG_WARN_DIRECT_OBJC_ISA_USAGE = YES_ERROR;
				CLANG_WARN_DOCUMENTATION_COMMENTS = YES;
				CLANG_WARN_EMPTY_BODY = YES;
				CLANG_WARN_ENUM_CONVERSION = YES;
				CLANG_WARN_INFINITE_RECURSION = YES;
				CLANG_WARN_INT_CONVERSION = YES;
				CLANG_WARN_OBJC_ROOT_CLASS = YES_ERROR;
				CLANG_WARN_SUSPICIOUS_MOVES = YES;
				CLANG_WARN_UNREACHABLE_CODE = YES;
				CLANG_WARN__DUPLICATE_METHOD_MATCH = YES;
				"CODE_SIGN_IDENTITY[sdk=iphoneos*]" = "iPhone Developer";
				COPY_PHASE_STRIP = NO;
				DEBUG_INFORMATION_FORMAT = "dwarf-with-dsym";
				ENABLE_NS_ASSERTIONS = NO;
				ENABLE_STRICT_OBJC_MSGSEND = YES;
				GCC_C_LANGUAGE_STANDARD = gnu99;
				GCC_NO_COMMON_BLOCKS = YES;
				GCC_WARN_64_TO_32_BIT_CONVERSION = YES;
				GCC_WARN_ABOUT_RETURN_TYPE = YES_ERROR;
				GCC_WARN_UNDECLARED_SELECTOR = YES;
				GCC_WARN_UNINITIALIZED_AUTOS = YES_AGGRESSIVE;
				GCC_WARN_UNUSED_FUNCTION = YES;
				GCC_WARN_UNUSED_VARIABLE = YES;
				IPHONEOS_DEPLOYMENT_TARGET = 10.1;
				MTL_ENABLE_DEBUG_INFO = NO;
				SDKROOT = iphoneos;
				SWIFT_OPTIMIZATION_LEVEL = "-Owholemodule";
				VALIDATE_PRODUCT = YES;
			};
			name = Release;
		};
		AEB4886E1DE7160000A713E0 /* Debug */ = {
			isa = XCBuildConfiguration;
			buildSettings = {
				ASSETCATALOG_COMPILER_APPICON_NAME = AppIcon;
				DEVELOPMENT_TEAM = BMEDQCUXC4;
				INFOPLIST_FILE = BowlingGame/Info.plist;
				LD_RUNPATH_SEARCH_PATHS = "$(inherited) @executable_path/Frameworks";
				PRODUCT_BUNDLE_IDENTIFIER = Duncan.BowlingGame;
				PRODUCT_NAME = "$(TARGET_NAME)";
				SWIFT_VERSION = 3.0;
			};
			name = Debug;
		};
		AEB4886F1DE7160000A713E0 /* Release */ = {
			isa = XCBuildConfiguration;
			buildSettings = {
				ASSETCATALOG_COMPILER_APPICON_NAME = AppIcon;
				DEVELOPMENT_TEAM = BMEDQCUXC4;
				INFOPLIST_FILE = BowlingGame/Info.plist;
				LD_RUNPATH_SEARCH_PATHS = "$(inherited) @executable_path/Frameworks";
				PRODUCT_BUNDLE_IDENTIFIER = Duncan.BowlingGame;
				PRODUCT_NAME = "$(TARGET_NAME)";
				SWIFT_VERSION = 3.0;
			};
			name = Release;
		};
		AEB488711DE7160000A713E0 /* Debug */ = {
			isa = XCBuildConfiguration;
			buildSettings = {
				ALWAYS_EMBED_SWIFT_STANDARD_LIBRARIES = YES;
				BUNDLE_LOADER = "$(TEST_HOST)";
				DEVELOPMENT_TEAM = BMEDQCUXC4;
				INFOPLIST_FILE = BowlingGameTests/Info.plist;
				LD_RUNPATH_SEARCH_PATHS = "$(inherited) @executable_path/Frameworks @loader_path/Frameworks";
				PRODUCT_BUNDLE_IDENTIFIER = Duncan.BowlingGameTests;
				PRODUCT_NAME = "$(TARGET_NAME)";
				SWIFT_VERSION = 3.0;
				TEST_HOST = "$(BUILT_PRODUCTS_DIR)/BowlingGame.app/BowlingGame";
			};
			name = Debug;
		};
		AEB488721DE7160000A713E0 /* Release */ = {
			isa = XCBuildConfiguration;
			buildSettings = {
				ALWAYS_EMBED_SWIFT_STANDARD_LIBRARIES = YES;
				BUNDLE_LOADER = "$(TEST_HOST)";
				DEVELOPMENT_TEAM = BMEDQCUXC4;
				INFOPLIST_FILE = BowlingGameTests/Info.plist;
				LD_RUNPATH_SEARCH_PATHS = "$(inherited) @executable_path/Frameworks @loader_path/Frameworks";
				PRODUCT_BUNDLE_IDENTIFIER = Duncan.BowlingGameTests;
				PRODUCT_NAME = "$(TARGET_NAME)";
				SWIFT_VERSION = 3.0;
				TEST_HOST = "$(BUILT_PRODUCTS_DIR)/BowlingGame.app/BowlingGame";
			};
			name = Release;
		};
		AEB488741DE7160000A713E0 /* Debug */ = {
			isa = XCBuildConfiguration;
			buildSettings = {
				ALWAYS_EMBED_SWIFT_STANDARD_LIBRARIES = YES;
				DEVELOPMENT_TEAM = BMEDQCUXC4;
				INFOPLIST_FILE = BowlingGameUITests/Info.plist;
				LD_RUNPATH_SEARCH_PATHS = "$(inherited) @executable_path/Frameworks @loader_path/Frameworks";
				PRODUCT_BUNDLE_IDENTIFIER = Duncan.BowlingGameUITests;
				PRODUCT_NAME = "$(TARGET_NAME)";
				SWIFT_VERSION = 3.0;
				TEST_TARGET_NAME = BowlingGame;
			};
			name = Debug;
		};
		AEB488751DE7160000A713E0 /* Release */ = {
			isa = XCBuildConfiguration;
			buildSettings = {
				ALWAYS_EMBED_SWIFT_STANDARD_LIBRARIES = YES;
				DEVELOPMENT_TEAM = BMEDQCUXC4;
				INFOPLIST_FILE = BowlingGameUITests/Info.plist;
				LD_RUNPATH_SEARCH_PATHS = "$(inherited) @executable_path/Frameworks @loader_path/Frameworks";
				PRODUCT_BUNDLE_IDENTIFIER = Duncan.BowlingGameUITests;
				PRODUCT_NAME = "$(TARGET_NAME)";
				SWIFT_VERSION = 3.0;
				TEST_TARGET_NAME = BowlingGame;
			};
			name = Release;
		};
/* End XCBuildConfiguration section */

/* Begin XCConfigurationList section */
		AEB488401DE7160000A713E0 /* Build configuration list for PBXProject "BowlingGame" */ = {
			isa = XCConfigurationList;
			buildConfigurations = (
				AEB4886B1DE7160000A713E0 /* Debug */,
				AEB4886C1DE7160000A713E0 /* Release */,
			);
			defaultConfigurationIsVisible = 0;
			defaultConfigurationName = Release;
		};
		AEB4886D1DE7160000A713E0 /* Build configuration list for PBXNativeTarget "BowlingGame" */ = {
			isa = XCConfigurationList;
			buildConfigurations = (
				AEB4886E1DE7160000A713E0 /* Debug */,
				AEB4886F1DE7160000A713E0 /* Release */,
			);
			defaultConfigurationIsVisible = 0;
			defaultConfigurationName = Release;
		};
		AEB488701DE7160000A713E0 /* Build configuration list for PBXNativeTarget "BowlingGameTests" */ = {
			isa = XCConfigurationList;
			buildConfigurations = (
				AEB488711DE7160000A713E0 /* Debug */,
				AEB488721DE7160000A713E0 /* Release */,
			);
			defaultConfigurationIsVisible = 0;
			defaultConfigurationName = Release;
		};
		AEB488731DE7160000A713E0 /* Build configuration list for PBXNativeTarget "BowlingGameUITests" */ = {
			isa = XCConfigurationList;
			buildConfigurations = (
				AEB488741DE7160000A713E0 /* Debug */,
				AEB488751DE7160000A713E0 /* Release */,
			);
			defaultConfigurationIsVisible = 0;
			defaultConfigurationName = Release;
		};
/* End XCConfigurationList section */
	};
	rootObject = AEB4883D1DE7160000A713E0 /* Project object */;
}
